
Microsoft Visual Studio Solution File, Format Version 12.00
# Visual Studio Version 16
VisualStudioVersion = 16.0.31112.23
MinimumVisualStudioVersion = 10.0.40219.1
Project("{FAE04EC0-301F-11D3-BF4B-00C04F79EFBC}") = "CarsDatabase", "CarsDatabase\CarsDatabase.csproj", "{F226FAD2-CDE4-43A6-AC52-FA45B4C8C9A4}"
EndProject
Global
	GlobalSection(SolutionConfigurationPlatforms) = preSolution
		Debug|Any CPU = Debug|Any CPU
		Release|Any CPU = Release|Any CPU
	EndGlobalSection
	GlobalSection(ProjectConfigurationPlatforms) = postSolution
		{F226FAD2-CDE4-43A6-AC52-FA45B4C8C9A4}.Debug|Any CPU.ActiveCfg = Debug|Any CPU
		{F226FAD2-CDE4-43A6-AC52-FA45B4C8C9A4}.Debug|Any CPU.Build.0 = Debug|Any CPU
		{F226FAD2-CDE4-43A6-AC52-FA45B4C8C9A4}.Release|Any CPU.ActiveCfg = Release|Any CPU
		{F226FAD2-CDE4-43A6-AC52-FA45B4C8C9A4}.Release|Any CPU.Build.0 = Release|Any CPU
	EndGlobalSection
	GlobalSection(SolutionProperties) = preSolution
		HideSolutionNode = FALSE
	EndGlobalSection
	GlobalSection(ExtensibilityGlobals) = postSolution
		SolutionGuid = {512A6099-CD5C-4E8A-98F7-AEC166301146}
	EndGlobalSection
EndGlobal
